
Microsoft Visual Studio Solution File, Format Version 12.00
# Visual Studio 15
VisualStudioVersion = 15.0.28307.136
MinimumVisualStudioVersion = 10.0.40219.1
Project("{FAE04EC0-301F-11D3-BF4B-00C04F79EFBC}") = "Copy-CreatureRandomness", "Copy-CreatureRandomness\Copy-CreatureRandomness.csproj", "{7B28E036-663D-4367-A3B6-5E7C6D6B2FDB}"
EndProject
Global
	GlobalSection(SolutionConfigurationPlatforms) = preSolution
		Debug|Any CPU = Debug|Any CPU
		Release|Any CPU = Release|Any CPU
	EndGlobalSection
	GlobalSection(ProjectConfigurationPlatforms) = postSolution
		{7B28E036-663D-4367-A3B6-5E7C6D6B2FDB}.Debug|Any CPU.ActiveCfg = Debug|Any CPU
		{7B28E036-663D-4367-A3B6-5E7C6D6B2FDB}.Debug|Any CPU.Build.0 = Debug|Any CPU
		{7B28E036-663D-4367-A3B6-5E7C6D6B2FDB}.Release|Any CPU.ActiveCfg = Release|Any CPU
		{7B28E036-663D-4367-A3B6-5E7C6D6B2FDB}.Release|Any CPU.Build.0 = Release|Any CPU
	EndGlobalSection
	GlobalSection(SolutionProperties) = preSolution
		HideSolutionNode = FALSE
	EndGlobalSection
	GlobalSection(ExtensibilityGlobals) = postSolution
		SolutionGuid = {E8A66DEE-3918-4BCF-8D9A-0E373751B06D}
	EndGlobalSection
EndGlobal
